github.com/chzyer/logex v1.1.10/go.mod h1:+Ywpsq7O8HXn0nuIou7OrIPyXbp3wmkHB+jjWRnGsAI=
github.com/chzyer/readline v0.0.0-20180603132655-2972be24d48e/go.mod h1:nSuG5e5PlCu98SY8svDHJxuZscDgtXS6KTTbou5AhLI=
github.com/chzyer/test v0.0.0-20180213035817-a1ea475d72b1/go.mod h1:Q3SI9o4m/ZMnBNeIyt5eFwwo7qiLfzFZmjNmxjkiQlU=
github.com/google/uuid v1.3.0 h1:t6JiXgmwXMjEs8VusXIJk2BXHsn+wx8BZdTaoZ5fu7I=
github.com/google/uuid v1.3.0/go.mod h1:TIyPZe4MgqvfeYDBFedMoGGpEw/LqOeaOT+nhxU+yHo=
github.com/hbagdi/gopher-lua v0.0.0-20211129210354-3e4a277fb892 h1:poeRFIafrco9L7eQC/lqfYq4npPWw0odfvRUOxHealk=
github.com/hbagdi/gopher-lua v0.0.0-20211129210354-3e4a277fb892/go.mod h1:E1AXubJBdNmFERAOucpDIxNzeGfLzg0mYh+UfMWdChA=
github.com/layeh/gopher-json v0.0.0-20201124131017-552bb3c4c3bf h1:bg6J/5S/AeTz7K9i/luJRj31BJ8f+LgYwKQBSOZxSEM=
github.com/layeh/gopher-json v0.0.0-20201124131017-552bb3c4c3bf/go.mod h1:E/q28EyUVBgBQnONAVPIdwvEsv4Ve0vaCA9JWim4+3I=
golang.org/x/sys v0.0.0-20190204203706-41f3e6584952/go.mod h1:STP8DvDyc/dI5b8T5hshtkjS+E42TnysNCUPdjciGhY=
